// !$*UTF8*$!
{
	archiveVersion = 1;
	classes = {
	};
	objectVersion = 46;
	objects = {

/* Begin PBXBuildFile section */
		E300B1821E17993300717867 /* ImagePermissionManager.swift in Sources */ = {isa = PBXBuildFile; fileRef = E300B1811E17993300717867 /* ImagePermissionManager.swift */; };
		E300B1841E17A09000717867 /* ImageSelectionManager.swift in Sources */ = {isa = PBXBuildFile; fileRef = E300B1831E17A09000717867 /* ImageSelectionManager.swift */; };
		E300B18A1E18806100717867 /* LaunchScreen.storyboard in Resources */ = {isa = PBXBuildFile; fileRef = E300B1891E18806100717867 /* LaunchScreen.storyboard */; };
		E300B18C1E18887100717867 /* NSPredicate+Extension.swift in Sources */ = {isa = PBXBuildFile; fileRef = E300B18B1E18887100717867 /* NSPredicate+Extension.swift */; };
		E30496381AF6A2230007B951 /* Images.xcassets in Resources */ = {isa = PBXBuildFile; fileRef = E30496371AF6A2230007B951 /* Images.xcassets */; };
		E308DBCC1AFB325600B37891 /* StacksInterfaceController.swift in Sources */ = {isa = PBXBuildFile; fileRef = E308DBCB1AFB325600B37891 /* StacksInterfaceController.swift */; };
		E308DBD01AFB326600B37891 /* FlashCardsInterfaceController.swift in Sources */ = {isa = PBXBuildFile; fileRef = E308DBCF1AFB326600B37891 /* FlashCardsInterfaceController.swift */; };
		E308DBD51AFB3E8500B37891 /* Interface.storyboard in Resources */ = {isa = PBXBuildFile; fileRef = E308DBD31AFB3E8500B37891 /* Interface.storyboard */; };
		E30A32081AF7142200D5338E /* Fabric.framework in Frameworks */ = {isa = PBXBuildFile; fileRef = E30A32061AF7142200D5338E /* Fabric.framework */; };
		E30A32091AF7142200D5338E /* Crashlytics.framework in Frameworks */ = {isa = PBXBuildFile; fileRef = E30A32071AF7142200D5338E /* Crashlytics.framework */; };
		E30C7C801B16D4CD008ACCC9 /* FlashCardsViewController.swift in Sources */ = {isa = PBXBuildFile; fileRef = E30C7C7F1B16D4CD008ACCC9 /* FlashCardsViewController.swift */; };
		E3203ACC1B16F62E008EBDC8 /* ColorExtension.swift in Sources */ = {isa = PBXBuildFile; fileRef = E3203ACB1B16F62E008EBDC8 /* ColorExtension.swift */; };
		E341B2251DEBD606008C2034 /* FlashCards WatchKit Extension.appex in Embed App Extensions */ = {isa = PBXBuildFile; fileRef = E3ED8BE31AF51DCE00DCB5AE /* FlashCards WatchKit Extension.appex */; settings = {ATTRIBUTES = (RemoveHeadersOnCopy, ); }; };
		E341B2281DEBD606008C2034 /* FlashCards WatchKit App.app in Embed Watch Content */ = {isa = PBXBuildFile; fileRef = E3ED8BF01AF51DCE00DCB5AE /* FlashCards WatchKit App.app */; };
		E349DA3F1E06203500EAA6D0 /* Main.storyboard in Resources */ = {isa = PBXBuildFile; fileRef = E3ED8BC31AF51D2300DCB5AE /* Main.storyboard */; };
		E34E865C1E0670BE00177EEA /* ZLSwipeableViewSwift.framework in Frameworks */ = {isa = PBXBuildFile; fileRef = E34E865B1E0670BE00177EEA /* ZLSwipeableViewSwift.framework */; };
		E34E86601E0677E000177EEA /* CloudKit.framework in Frameworks */ = {isa = PBXBuildFile; fileRef = E34E865F1E0677E000177EEA /* CloudKit.framework */; };
		E34E86621E067E5100177EEA /* CloudKitController.swift in Sources */ = {isa = PBXBuildFile; fileRef = E34E86611E067E5100177EEA /* CloudKitController.swift */; };
		E34E86641E0688A900177EEA /* CloudKitCodable.swift in Sources */ = {isa = PBXBuildFile; fileRef = E34E86631E0688A900177EEA /* CloudKitCodable.swift */; };
		E34E86691E07A33E00177EEA /* Promise.swift in Sources */ = {isa = PBXBuildFile; fileRef = E34E86681E07A33E00177EEA /* Promise.swift */; };
		E34E866C1E07A5BD00177EEA /* LoadingView.swift in Sources */ = {isa = PBXBuildFile; fileRef = E34E866B1E07A5BD00177EEA /* LoadingView.swift */; };
		E37D059B1B17039300AFF559 /* CardView.xib in Resources */ = {isa = PBXBuildFile; fileRef = E37D059A1B17039300AFF559 /* CardView.xib */; };
		E38437681E06093B00A42CAB /* Card.swift in Sources */ = {isa = PBXBuildFile; fileRef = E38437671E06093B00A42CAB /* Card.swift */; };
		E384376A1E06096200A42CAB /* Subject.swift in Sources */ = {isa = PBXBuildFile; fileRef = E38437691E06096200A42CAB /* Subject.swift */; };
		E391693B1E1CC57A00FD2F3B /* ProgressBar.swift in Sources */ = {isa = PBXBuildFile; fileRef = E391693A1E1CC57A00FD2F3B /* ProgressBar.swift */; };
		E394C3981E126C6500ACA589 /* RecordType.swift in Sources */ = {isa = PBXBuildFile; fileRef = E394C3971E126C6500ACA589 /* RecordType.swift */; };
		E394C39B1E126CD000ACA589 /* CKRecord+Extension.swift in Sources */ = {isa = PBXBuildFile; fileRef = E394C39A1E126CD000ACA589 /* CKRecord+Extension.swift */; };
		E394C39E1E13501C00ACA589 /* CardView.swift in Sources */ = {isa = PBXBuildFile; fileRef = E394C39D1E13501C00ACA589 /* CardView.swift */; };
		E394C3A01E13631100ACA589 /* ViewNibNestable.swift in Sources */ = {isa = PBXBuildFile; fileRef = E394C39F1E13631100ACA589 /* ViewNibNestable.swift */; };
		E394C3A21E13638100ACA589 /* UIView+Extension.swift in Sources */ = {isa = PBXBuildFile; fileRef = E394C3A11E13638100ACA589 /* UIView+Extension.swift */; };
		E39AC70D1E10A0EA0030ECEC /* StackCell.swift in Sources */ = {isa = PBXBuildFile; fileRef = E39AC70B1E10A0EA0030ECEC /* StackCell.swift */; };
		E39AC70E1E10A0EA0030ECEC /* StackCell.xib in Resources */ = {isa = PBXBuildFile; fileRef = E39AC70C1E10A0EA0030ECEC /* StackCell.xib */; };
		E39AC7101E10A2590030ECEC /* StacksViewController.swift in Sources */ = {isa = PBXBuildFile; fileRef = E39AC70F1E10A2590030ECEC /* StacksViewController.swift */; };
		E39AC7131E10CD7A0030ECEC /* Realm.framework in Frameworks */ = {isa = PBXBuildFile; fileRef = E39AC7111E10CD7A0030ECEC /* Realm.framework */; };
		E39AC7141E10CD7A0030ECEC /* RealmSwift.framework in Frameworks */ = {isa = PBXBuildFile; fileRef = E39AC7121E10CD7A0030ECEC /* RealmSwift.framework */; };
		E3A126F91E1A3F1800AB5310 /* WatchMessage.swift in Sources */ = {isa = PBXBuildFile; fileRef = E3A126F81E1A3F1800AB5310 /* WatchMessage.swift */; };
		E3A126FA1E1A3F5F00AB5310 /* WatchMessage.swift in Sources */ = {isa = PBXBuildFile; fileRef = E3A126F81E1A3F1800AB5310 /* WatchMessage.swift */; };
		E3A126FC1E1B7DAA00AB5310 /* CKQuery+Extension.swift in Sources */ = {isa = PBXBuildFile; fileRef = E3A126FB1E1B7DAA00AB5310 /* CKQuery+Extension.swift */; };
		E3A126FE1E1B7DD600AB5310 /* CKSubscription+Extension.swift in Sources */ = {isa = PBXBuildFile; fileRef = E3A126FD1E1B7DD600AB5310 /* CKSubscription+Extension.swift */; };
		E3B728D11E145BD400C7C719 /* UICollectionView+Extension.swift in Sources */ = {isa = PBXBuildFile; fileRef = E3B728D01E145BD400C7C719 /* UICollectionView+Extension.swift */; };
		E3B728D31E145E1800C7C719 /* Storyboard.swift in Sources */ = {isa = PBXBuildFile; fileRef = E3B728D21E145E1800C7C719 /* Storyboard.swift */; };
		E3B728D61E146F7A00C7C719 /* CardCell.swift in Sources */ = {isa = PBXBuildFile; fileRef = E3B728D41E146F7A00C7C719 /* CardCell.swift */; };
		E3B728D71E146F7A00C7C719 /* CardCell.xib in Resources */ = {isa = PBXBuildFile; fileRef = E3B728D51E146F7A00C7C719 /* CardCell.xib */; };
		E3B728DA1E1470E100C7C719 /* BlankCardCell.swift in Sources */ = {isa = PBXBuildFile; fileRef = E3B728D81E1470E100C7C719 /* BlankCardCell.swift */; };
		E3B728DB1E1470E100C7C719 /* BlankCardCell.xib in Resources */ = {isa = PBXBuildFile; fileRef = E3B728D91E1470E100C7C719 /* BlankCardCell.xib */; };
		E3B728DD1E148F4D00C7C719 /* KeyboardAvoidable.swift in Sources */ = {isa = PBXBuildFile; fileRef = E3B728DC1E148F4D00C7C719 /* KeyboardAvoidable.swift */; };
		E3B728DF1E14B64700C7C719 /* RealmNotifiable.swift in Sources */ = {isa = PBXBuildFile; fileRef = E3B728DE1E14B64700C7C719 /* RealmNotifiable.swift */; };
		E3B728E11E15CBD200C7C719 /* UIImage+Extension.swift in Sources */ = {isa = PBXBuildFile; fileRef = E3B728E01E15CBD200C7C719 /* UIImage+Extension.swift */; };
		E3B728E31E15D2DF00C7C719 /* CKAsset+Extension.swift in Sources */ = {isa = PBXBuildFile; fileRef = E3B728E21E15D2DF00C7C719 /* CKAsset+Extension.swift */; };
		E3B728E81E16F05500C7C719 /* CardHeaderCollectionReusableView.swift in Sources */ = {isa = PBXBuildFile; fileRef = E3B728E61E16F05500C7C719 /* CardHeaderCollectionReusableView.swift */; };
		E3B728E91E16F05500C7C719 /* CardHeaderCollectionReusableView.xib in Resources */ = {isa = PBXBuildFile; fileRef = E3B728E71E16F05500C7C719 /* CardHeaderCollectionReusableView.xib */; };
		E3B728EB1E170EBE00C7C719 /* ZLSwipeableViewSwift+Extension.swift in Sources */ = {isa = PBXBuildFile; fileRef = E3B728EA1E170EBE00C7C719 /* ZLSwipeableViewSwift+Extension.swift */; };
		E3B728ED1E171FB700C7C719 /* NewStackViewController.swift in Sources */ = {isa = PBXBuildFile; fileRef = E3B728EC1E171FB700C7C719 /* NewStackViewController.swift */; };
		E3B728EF1E172E3400C7C719 /* CardSide.swift in Sources */ = {isa = PBXBuildFile; fileRef = E3B728EE1E172E3400C7C719 /* CardSide.swift */; };
		E3B728F11E1732A200C7C719 /* CardUI.swift in Sources */ = {isa = PBXBuildFile; fileRef = E3B728F01E1732A200C7C719 /* CardUI.swift */; };
		E3BD38F31E1B9AE800C212A4 /* WatchMessage+Extension.swift in Sources */ = {isa = PBXBuildFile; fileRef = E3BD38F21E1B9AE800C212A4 /* WatchMessage+Extension.swift */; };
		E3D517DF1E123125008B38CD /* OldCard.swift in Sources */ = {isa = PBXBuildFile; fileRef = E3D517DE1E123125008B38CD /* OldCard.swift */; };
		E3D517E21E123363008B38CD /* RealmMigrator.swift in Sources */ = {isa = PBXBuildFile; fileRef = E3D517E11E123363008B38CD /* RealmMigrator.swift */; };
		E3D517E71E12430A008B38CD /* RecordZone.swift in Sources */ = {isa = PBXBuildFile; fileRef = E3D517E61E12430A008B38CD /* RecordZone.swift */; };
		E3D517EB1E124544008B38CD /* CloudKitSyncable.swift in Sources */ = {isa = PBXBuildFile; fileRef = E3D517EA1E124544008B38CD /* CloudKitSyncable.swift */; };
		E3EA4CC81AF7565200874792 /* .gitignore in Resources */ = {isa = PBXBuildFile; fileRef = E3EA4CC71AF7565200874792 /* .gitignore */; };
		E3ED8BC01AF51D2300DCB5AE /* AppDelegate.swift in Sources */ = {isa = PBXBuildFile; fileRef = E3ED8BBF1AF51D2300DCB5AE /* AppDelegate.swift */; };
		E3ED8BD61AF51D2300DCB5AE /* FlashCardsTests.swift in Sources */ = {isa = PBXBuildFile; fileRef = E3ED8BD51AF51D2300DCB5AE /* FlashCardsTests.swift */; };
		E3ED8BEB1AF51DCE00DCB5AE /* NotificationController.swift in Sources */ = {isa = PBXBuildFile; fileRef = E3ED8BEA1AF51DCE00DCB5AE /* NotificationController.swift */; };
		E3ED8BED1AF51DCE00DCB5AE /* Images.xcassets in Resources */ = {isa = PBXBuildFile; fileRef = E3ED8BEC1AF51DCE00DCB5AE /* Images.xcassets */; };
		E3ED8BFB1AF51DCF00DCB5AE /* Images.xcassets in Resources */ = {isa = PBXBuildFile; fileRef = E3ED8BFA1AF51DCF00DCB5AE /* Images.xcassets */; };
		E3ED8C0F1AF52CA200DCB5AE /* FlashCardViewController.swift in Sources */ = {isa = PBXBuildFile; fileRef = E3ED8C0E1AF52CA200DCB5AE /* FlashCardViewController.swift */; };
		E3F268F11AFC8F2500185037 /* StackViewController.swift in Sources */ = {isa = PBXBuildFile; fileRef = E3F268F01AFC8F2500185037 /* StackViewController.swift */; };
		E3F276851E10CFBF00582675 /* Realm.framework in CopyFiles */ = {isa = PBXBuildFile; fileRef = E39AC7111E10CD7A0030ECEC /* Realm.framework */; settings = {ATTRIBUTES = (CodeSignOnCopy, RemoveHeadersOnCopy, ); }; };
		E3F276871E10CFC300582675 /* RealmSwift.framework in CopyFiles */ = {isa = PBXBuildFile; fileRef = E39AC7121E10CD7A0030ECEC /* RealmSwift.framework */; settings = {ATTRIBUTES = (CodeSignOnCopy, RemoveHeadersOnCopy, ); }; };
		E3FEAAC11E0E0B0000536007 /* UIViewController+Extension.swift in Sources */ = {isa = PBXBuildFile; fileRef = E3FEAAC01E0E0B0000536007 /* UIViewController+Extension.swift */; };
		E3FEAAC31E0E316F00536007 /* Stack.swift in Sources */ = {isa = PBXBuildFile; fileRef = E3FEAAC21E0E316F00536007 /* Stack.swift */; };
		E3FEAAC61E0E49E900536007 /* CloudKitSyncManager.swift in Sources */ = {isa = PBXBuildFile; fileRef = E3FEAAC51E0E49E900536007 /* CloudKitSyncManager.swift */; };
/* End PBXBuildFile section */

/* Begin PBXContainerItemProxy section */
		E341B2231DEBD606008C2034 /* PBXContainerItemProxy */ = {
			isa = PBXContainerItemProxy;
			containerPortal = E3ED8BB21AF51D2300DCB5AE /* Project object */;
			proxyType = 1;
			remoteGlobalIDString = E3ED8BE21AF51DCE00DCB5AE;
			remoteInfo = "FlashCards WatchKit Extension";
		};
		E341B2261DEBD606008C2034 /* PBXContainerItemProxy */ = {
			isa = PBXContainerItemProxy;
			containerPortal = E3ED8BB21AF51D2300DCB5AE /* Project object */;
			proxyType = 1;
			remoteGlobalIDString = E3ED8BEF1AF51DCE00DCB5AE;
			remoteInfo = "FlashCards WatchKit App";
		};
		E3ED8BD01AF51D2300DCB5AE /* PBXContainerItemProxy */ = {
			isa = PBXContainerItemProxy;
			containerPortal = E3ED8BB21AF51D2300DCB5AE /* Project object */;
			proxyType = 1;
			remoteGlobalIDString = E3ED8BB91AF51D2300DCB5AE;
			remoteInfo = FlashCards;
		};
/* End PBXContainerItemProxy section */

/* Begin PBXCopyFilesBuildPhase section */
		E341B22B1DEBD606008C2034 /* Embed App Extensions */ = {
			isa = PBXCopyFilesBuildPhase;
			buildActionMask = 2147483647;
			dstPath = "";
			dstSubfolderSpec = 13;
			files = (
				E341B2251DEBD606008C2034 /* FlashCards WatchKit Extension.appex in Embed App Extensions */,
			);
			name = "Embed App Extensions";
			runOnlyForDeploymentPostprocessing = 0;
		};
		E341B22C1DEBD606008C2034 /* Embed Watch Content */ = {
			isa = PBXCopyFilesBuildPhase;
			buildActionMask = 2147483647;
			dstPath = "$(CONTENTS_FOLDER_PATH)/Watch";
			dstSubfolderSpec = 16;
			files = (
				E341B2281DEBD606008C2034 /* FlashCards WatchKit App.app in Embed Watch Content */,
			);
			name = "Embed Watch Content";
			runOnlyForDeploymentPostprocessing = 0;
		};
		E39E3E5A1AFB487900E899FC /* CopyFiles */ = {
			isa = PBXCopyFilesBuildPhase;
			buildActionMask = 2147483647;
			dstPath = "";
			dstSubfolderSpec = 10;
			files = (
				E3F276871E10CFC300582675 /* RealmSwift.framework in CopyFiles */,
				E3F276851E10CFBF00582675 /* Realm.framework in CopyFiles */,
			);
			runOnlyForDeploymentPostprocessing = 0;
		};
/* End PBXCopyFilesBuildPhase section */

/* Begin PBXFileReference section */
		E300B1811E17993300717867 /* ImagePermissionManager.swift */ = {isa = PBXFileReference; fileEncoding = 4; lastKnownFileType = sourcecode.swift; name = ImagePermissionManager.swift; path = Controllers/ImagePermissionManager.swift; sourceTree = "<group>"; };
		E300B1831E17A09000717867 /* ImageSelectionManager.swift */ = {isa = PBXFileReference; fileEncoding = 4; lastKnownFileType = sourcecode.swift; name = ImageSelectionManager.swift; path = Controllers/ImageSelectionManager.swift; sourceTree = "<group>"; };
		E300B1891E18806100717867 /* LaunchScreen.storyboard */ = {isa = PBXFileReference; fileEncoding = 4; lastKnownFileType = file.storyboard; name = LaunchScreen.storyboard; path = Views/LaunchScreen.storyboard; sourceTree = "<group>"; };
		E300B18B1E18887100717867 /* NSPredicate+Extension.swift */ = {isa = PBXFileReference; fileEncoding = 4; lastKnownFileType = sourcecode.swift; name = "NSPredicate+Extension.swift"; path = "Extensions/NSPredicate+Extension.swift"; sourceTree = "<group>"; };
		E30496371AF6A2230007B951 /* Images.xcassets */ = {isa = PBXFileReference; lastKnownFileType = folder.assetcatalog; name = Images.xcassets; path = FlashCards/Images.xcassets; sourceTree = "<group>"; };
		E308DBCB1AFB325600B37891 /* StacksInterfaceController.swift */ = {isa = PBXFileReference; fileEncoding = 4; lastKnownFileType = sourcecode.swift; name = StacksInterfaceController.swift; path = "../FlashCards WatchKit Extension/StacksInterfaceController.swift"; sourceTree = "<group>"; };
		E308DBCF1AFB326600B37891 /* FlashCardsInterfaceController.swift */ = {isa = PBXFileReference; fileEncoding = 4; lastKnownFileType = sourcecode.swift; name = FlashCardsInterfaceController.swift; path = "../FlashCards WatchKit Extension/FlashCardsInterfaceController.swift"; sourceTree = "<group>"; };
		E308DBD41AFB3E8500B37891 /* Base */ = {isa = PBXFileReference; lastKnownFileType = file.storyboard; name = Base; path = Base.lproj/Interface.storyboard; sourceTree = "<group>"; };
		E30A32061AF7142200D5338E /* Fabric.framework */ = {isa = PBXFileReference; lastKnownFileType = wrapper.framework; path = Fabric.framework; sourceTree = "<group>"; };
		E30A32071AF7142200D5338E /* Crashlytics.framework */ = {isa = PBXFileReference; lastKnownFileType = wrapper.framework; path = Crashlytics.framework; sourceTree = "<group>"; };
		E30C7C7F1B16D4CD008ACCC9 /* FlashCardsViewController.swift */ = {isa = PBXFileReference; fileEncoding = 4; lastKnownFileType = sourcecode.swift; path = FlashCardsViewController.swift; sourceTree = "<group>"; };
		E3203ACB1B16F62E008EBDC8 /* ColorExtension.swift */ = {isa = PBXFileReference; fileEncoding = 4; lastKnownFileType = sourcecode.swift; path = ColorExtension.swift; sourceTree = "<group>"; };
		E34E865B1E0670BE00177EEA /* ZLSwipeableViewSwift.framework */ = {isa = PBXFileReference; lastKnownFileType = wrapper.framework; name = ZLSwipeableViewSwift.framework; path = Carthage/Build/iOS/ZLSwipeableViewSwift.framework; sourceTree = "<group>"; };
		E34E865F1E0677E000177EEA /* CloudKit.framework */ = {isa = PBXFileReference; lastKnownFileType = wrapper.framework; name = CloudKit.framework; path = System/Library/Frameworks/CloudKit.framework; sourceTree = SDKROOT; };
		E34E86611E067E5100177EEA /* CloudKitController.swift */ = {isa = PBXFileReference; fileEncoding = 4; lastKnownFileType = sourcecode.swift; name = CloudKitController.swift; path = Controllers/CloudKitController.swift; sourceTree = "<group>"; };
		E34E86631E0688A900177EEA /* CloudKitCodable.swift */ = {isa = PBXFileReference; fileEncoding = 4; lastKnownFileType = sourcecode.swift; name = CloudKitCodable.swift; path = Protocols/CloudKitCodable.swift; sourceTree = "<group>"; };
		E34E86681E07A33E00177EEA /* Promise.swift */ = {isa = PBXFileReference; fileEncoding = 4; lastKnownFileType = sourcecode.swift; name = Promise.swift; path = Promise/Promise.swift; sourceTree = "<group>"; };
		E34E866B1E07A5BD00177EEA /* LoadingView.swift */ = {isa = PBXFileReference; fileEncoding = 4; lastKnownFileType = sourcecode.swift; name = LoadingView.swift; path = Views/LoadingView.swift; sourceTree = "<group>"; };
		E37D059A1B17039300AFF559 /* CardView.xib */ = {isa = PBXFileReference; fileEncoding = 4; lastKnownFileType = file.xib; name = CardView.xib; path = Views/CardView.xib; sourceTree = "<group>"; };
		E38437671E06093B00A42CAB /* Card.swift */ = {isa = PBXFileReference; fileEncoding = 4; lastKnownFileType = sourcecode.swift; name = Card.swift; path = Model/Card.swift; sourceTree = "<group>"; };
		E38437691E06096200A42CAB /* Subject.swift */ = {isa = PBXFileReference; fileEncoding = 4; lastKnownFileType = sourcecode.swift; name = Subject.swift; path = Model/Subject.swift; sourceTree = "<group>"; };
		E391693A1E1CC57A00FD2F3B /* ProgressBar.swift */ = {isa = PBXFileReference; fileEncoding = 4; lastKnownFileType = sourcecode.swift; name = ProgressBar.swift; path = Views/ProgressBar.swift; sourceTree = "<group>"; };
		E394C3971E126C6500ACA589 /* RecordType.swift */ = {isa = PBXFileReference; fileEncoding = 4; lastKnownFileType = sourcecode.swift; name = RecordType.swift; path = Enums/RecordType.swift; sourceTree = "<group>"; };
		E394C39A1E126CD000ACA589 /* CKRecord+Extension.swift */ = {isa = PBXFileReference; fileEncoding = 4; lastKnownFileType = sourcecode.swift; name = "CKRecord+Extension.swift"; path = "Extensions/CKRecord+Extension.swift"; sourceTree = "<group>"; };
		E394C39D1E13501C00ACA589 /* CardView.swift */ = {isa = PBXFileReference; fileEncoding = 4; lastKnownFileType = sourcecode.swift; name = CardView.swift; path = Views/CardView.swift; sourceTree = "<group>"; };
		E394C39F1E13631100ACA589 /* ViewNibNestable.swift */ = {isa = PBXFileReference; fileEncoding = 4; lastKnownFileType = sourcecode.swift; name = ViewNibNestable.swift; path = Protocols/ViewNibNestable.swift; sourceTree = "<group>"; };
		E394C3A11E13638100ACA589 /* UIView+Extension.swift */ = {isa = PBXFileReference; fileEncoding = 4; lastKnownFileType = sourcecode.swift; path = "UIView+Extension.swift"; sourceTree = "<group>"; };
		E39AC70B1E10A0EA0030ECEC /* StackCell.swift */ = {isa = PBXFileReference; fileEncoding = 4; lastKnownFileType = sourcecode.swift; name = StackCell.swift; path = Views/Cells/StackCell.swift; sourceTree = "<group>"; };
		E39AC70C1E10A0EA0030ECEC /* StackCell.xib */ = {isa = PBXFileReference; fileEncoding = 4; lastKnownFileType = file.xib; name = StackCell.xib; path = Views/Cells/StackCell.xib; sourceTree = "<group>"; };
		E39AC70F1E10A2590030ECEC /* StacksViewController.swift */ = {isa = PBXFileReference; fileEncoding = 4; lastKnownFileType = sourcecode.swift; name = StacksViewController.swift; path = Controllers/StacksViewController.swift; sourceTree = "<group>"; };
		E39AC7111E10CD7A0030ECEC /* Realm.framework */ = {isa = PBXFileReference; lastKnownFileType = wrapper.framework; name = Realm.framework; path = Carthage/Build/iOS/Realm.framework; sourceTree = "<group>"; };
		E39AC7121E10CD7A0030ECEC /* RealmSwift.framework */ = {isa = PBXFileReference; lastKnownFileType = wrapper.framework; name = RealmSwift.framework; path = Carthage/Build/iOS/RealmSwift.framework; sourceTree = "<group>"; };
		E3A126F11E1A37D400AB5310 /* Realm.framework */ = {isa = PBXFileReference; lastKnownFileType = wrapper.framework; name = Realm.framework; path = Carthage/Build/watchOS/Realm.framework; sourceTree = "<group>"; };
		E3A126F21E1A37D400AB5310 /* RealmSwift.framework */ = {isa = PBXFileReference; lastKnownFileType = wrapper.framework; name = RealmSwift.framework; path = Carthage/Build/watchOS/RealmSwift.framework; sourceTree = "<group>"; };
		E3A126F81E1A3F1800AB5310 /* WatchMessage.swift */ = {isa = PBXFileReference; fileEncoding = 4; lastKnownFileType = sourcecode.swift; name = WatchMessage.swift; path = Enums/WatchMessage.swift; sourceTree = "<group>"; };
		E3A126FB1E1B7DAA00AB5310 /* CKQuery+Extension.swift */ = {isa = PBXFileReference; fileEncoding = 4; lastKnownFileType = sourcecode.swift; name = "CKQuery+Extension.swift"; path = "Extensions/CKQuery+Extension.swift"; sourceTree = "<group>"; };
		E3A126FD1E1B7DD600AB5310 /* CKSubscription+Extension.swift */ = {isa = PBXFileReference; fileEncoding = 4; lastKnownFileType = sourcecode.swift; name = "CKSubscription+Extension.swift"; path = "Extensions/CKSubscription+Extension.swift"; sourceTree = "<group>"; };
		E3B728D01E145BD400C7C719 /* UICollectionView+Extension.swift */ = {isa = PBXFileReference; fileEncoding = 4; lastKnownFileType = sourcecode.swift; name = "UICollectionView+Extension.swift"; path = "Extensions/UICollectionView+Extension.swift"; sourceTree = "<group>"; };
		E3B728D21E145E1800C7C719 /* Storyboard.swift */ = {isa = PBXFileReference; fileEncoding = 4; lastKnownFileType = sourcecode.swift; name = Storyboard.swift; path = Enums/Storyboard.swift; sourceTree = "<group>"; };
		E3B728D41E146F7A00C7C719 /* CardCell.swift */ = {isa = PBXFileReference; fileEncoding = 4; lastKnownFileType = sourcecode.swift; name = CardCell.swift; path = Views/Cells/CardCell.swift; sourceTree = "<group>"; };
		E3B728D51E146F7A00C7C719 /* CardCell.xib */ = {isa = PBXFileReference; fileEncoding = 4; lastKnownFileType = file.xib; name = CardCell.xib; path = Views/Cells/CardCell.xib; sourceTree = "<group>"; };
		E3B728D81E1470E100C7C719 /* BlankCardCell.swift */ = {isa = PBXFileReference; fileEncoding = 4; lastKnownFileType = sourcecode.swift; name = BlankCardCell.swift; path = Views/Cells/BlankCardCell.swift; sourceTree = "<group>"; };
		E3B728D91E1470E100C7C719 /* BlankCardCell.xib */ = {isa = PBXFileReference; fileEncoding = 4; lastKnownFileType = file.xib; name = BlankCardCell.xib; path = Views/Cells/BlankCardCell.xib; sourceTree = "<group>"; };
		E3B728DC1E148F4D00C7C719 /* KeyboardAvoidable.swift */ = {isa = PBXFileReference; fileEncoding = 4; lastKnownFileType = sourcecode.swift; name = KeyboardAvoidable.swift; path = Protocols/KeyboardAvoidable.swift; sourceTree = "<group>"; };
		E3B728DE1E14B64700C7C719 /* RealmNotifiable.swift */ = {isa = PBXFileReference; fileEncoding = 4; lastKnownFileType = sourcecode.swift; name = RealmNotifiable.swift; path = Protocols/RealmNotifiable.swift; sourceTree = "<group>"; };
		E3B728E01E15CBD200C7C719 /* UIImage+Extension.swift */ = {isa = PBXFileReference; fileEncoding = 4; lastKnownFileType = sourcecode.swift; name = "UIImage+Extension.swift"; path = "Extensions/UIImage+Extension.swift"; sourceTree = "<group>"; };
		E3B728E21E15D2DF00C7C719 /* CKAsset+Extension.swift */ = {isa = PBXFileReference; fileEncoding = 4; lastKnownFileType = sourcecode.swift; name = "CKAsset+Extension.swift"; path = "Extensions/CKAsset+Extension.swift"; sourceTree = "<group>"; };
		E3B728E61E16F05500C7C719 /* CardHeaderCollectionReusableView.swift */ = {isa = PBXFileReference; fileEncoding = 4; lastKnownFileType = sourcecode.swift; name = CardHeaderCollectionReusableView.swift; path = Views/CardHeaderCollectionReusableView.swift; sourceTree = "<group>"; };
		E3B728E71E16F05500C7C719 /* CardHeaderCollectionReusableView.xib */ = {isa = PBXFileReference; fileEncoding = 4; lastKnownFileType = file.xib; name = CardHeaderCollectionReusableView.xib; path = Views/CardHeaderCollectionReusableView.xib; sourceTree = "<group>"; };
		E3B728EA1E170EBE00C7C719 /* ZLSwipeableViewSwift+Extension.swift */ = {isa = PBXFileReference; fileEncoding = 4; lastKnownFileType = sourcecode.swift; name = "ZLSwipeableViewSwift+Extension.swift"; path = "Extensions/ZLSwipeableViewSwift+Extension.swift"; sourceTree = "<group>"; };
		E3B728EC1E171FB700C7C719 /* NewStackViewController.swift */ = {isa = PBXFileReference; fileEncoding = 4; lastKnownFileType = sourcecode.swift; name = NewStackViewController.swift; path = Controllers/NewStackViewController.swift; sourceTree = "<group>"; };
		E3B728EE1E172E3400C7C719 /* CardSide.swift */ = {isa = PBXFileReference; fileEncoding = 4; lastKnownFileType = sourcecode.swift; name = CardSide.swift; path = Enums/CardSide.swift; sourceTree = "<group>"; };
		E3B728F01E1732A200C7C719 /* CardUI.swift */ = {isa = PBXFileReference; fileEncoding = 4; lastKnownFileType = sourcecode.swift; name = CardUI.swift; path = Extensions/CardUI.swift; sourceTree = "<group>"; };
		E3BD38F21E1B9AE800C212A4 /* WatchMessage+Extension.swift */ = {isa = PBXFileReference; fileEncoding = 4; lastKnownFileType = sourcecode.swift; name = "WatchMessage+Extension.swift"; path = "Extensions/WatchMessage+Extension.swift"; sourceTree = "<group>"; };
		E3D517DA1E1230E4008B38CD /* Realm.framework */ = {isa = PBXFileReference; lastKnownFileType = wrapper.framework; name = Realm.framework; path = Carthage/Build/watchOS/Realm.framework; sourceTree = "<group>"; };
		E3D517DC1E1230E6008B38CD /* RealmSwift.framework */ = {isa = PBXFileReference; lastKnownFileType = wrapper.framework; name = RealmSwift.framework; path = Carthage/Build/watchOS/RealmSwift.framework; sourceTree = "<group>"; };
		E3D517DE1E123125008B38CD /* OldCard.swift */ = {isa = PBXFileReference; fileEncoding = 4; lastKnownFileType = sourcecode.swift; name = OldCard.swift; path = Model/OldCard.swift; sourceTree = "<group>"; };
		E3D517E11E123363008B38CD /* RealmMigrator.swift */ = {isa = PBXFileReference; fileEncoding = 4; lastKnownFileType = sourcecode.swift; name = RealmMigrator.swift; path = Controllers/RealmMigrator.swift; sourceTree = "<group>"; };
		E3D517E61E12430A008B38CD /* RecordZone.swift */ = {isa = PBXFileReference; fileEncoding = 4; lastKnownFileType = sourcecode.swift; name = RecordZone.swift; path = Enums/RecordZone.swift; sourceTree = "<group>"; };
		E3D517EA1E124544008B38CD /* CloudKitSyncable.swift */ = {isa = PBXFileReference; fileEncoding = 4; lastKnownFileType = sourcecode.swift; name = CloudKitSyncable.swift; path = Protocols/CloudKitSyncable.swift; sourceTree = "<group>"; };
		E3EA4CC71AF7565200874792 /* .gitignore */ = {isa = PBXFileReference; fileEncoding = 4; lastKnownFileType = text; path = .gitignore; sourceTree = "<group>"; };
		E3ED8BBA1AF51D2300DCB5AE /* FlashCards.app */ = {isa = PBXFileReference; explicitFileType = wrapper.application; includeInIndex = 0; path = FlashCards.app; sourceTree = BUILT_PRODUCTS_DIR; };
		E3ED8BBE1AF51D2300DCB5AE /* Info.plist */ = {isa = PBXFileReference; lastKnownFileType = text.plist.xml; path = Info.plist; sourceTree = "<group>"; };
		E3ED8BBF1AF51D2300DCB5AE /* AppDelegate.swift */ = {isa = PBXFileReference; lastKnownFileType = sourcecode.swift; path = AppDelegate.swift; sourceTree = "<group>"; };
		E3ED8BC41AF51D2300DCB5AE /* Base */ = {isa = PBXFileReference; lastKnownFileType = file.storyboard; name = Base; path = Base.lproj/Main.storyboard; sourceTree = "<group>"; };
		E3ED8BCF1AF51D2300DCB5AE /* FlashCardsTests.xctest */ = {isa = PBXFileReference; explicitFileType = wrapper.cfbundle; includeInIndex = 0; path = FlashCardsTests.xctest; sourceTree = BUILT_PRODUCTS_DIR; };
		E3ED8BD41AF51D2300DCB5AE /* Info.plist */ = {isa = PBXFileReference; lastKnownFileType = text.plist.xml; path = Info.plist; sourceTree = "<group>"; };
		E3ED8BD51AF51D2300DCB5AE /* FlashCardsTests.swift */ = {isa = PBXFileReference; lastKnownFileType = sourcecode.swift; path = FlashCardsTests.swift; sourceTree = "<group>"; };
		E3ED8BE31AF51DCE00DCB5AE /* FlashCards WatchKit Extension.appex */ = {isa = PBXFileReference; explicitFileType = "wrapper.app-extension"; includeInIndex = 0; path = "FlashCards WatchKit Extension.appex"; sourceTree = BUILT_PRODUCTS_DIR; };
		E3ED8BE61AF51DCE00DCB5AE /* Info.plist */ = {isa = PBXFileReference; lastKnownFileType = text.plist.xml; path = Info.plist; sourceTree = "<group>"; };
		E3ED8BE71AF51DCE00DCB5AE /* PushNotificationPayload.apns */ = {isa = PBXFileReference; lastKnownFileType = text; path = PushNotificationPayload.apns; sourceTree = "<group>"; };
		E3ED8BEA1AF51DCE00DCB5AE /* NotificationController.swift */ = {isa = PBXFileReference; lastKnownFileType = sourcecode.swift; path = NotificationController.swift; sourceTree = "<group>"; };
		E3ED8BEC1AF51DCE00DCB5AE /* Images.xcassets */ = {isa = PBXFileReference; lastKnownFileType = folder.assetcatalog; path = Images.xcassets; sourceTree = "<group>"; };
		E3ED8BF01AF51DCE00DCB5AE /* FlashCards WatchKit App.app */ = {isa = PBXFileReference; explicitFileType = wrapper.application; includeInIndex = 0; path = "FlashCards WatchKit App.app"; sourceTree = BUILT_PRODUCTS_DIR; };
		E3ED8BF61AF51DCF00DCB5AE /* Info.plist */ = {isa = PBXFileReference; lastKnownFileType = text.plist.xml; path = Info.plist; sourceTree = "<group>"; };
		E3ED8BFA1AF51DCF00DCB5AE /* Images.xcassets */ = {isa = PBXFileReference; lastKnownFileType = folder.assetcatalog; path = Images.xcassets; sourceTree = "<group>"; };
		E3ED8C0E1AF52CA200DCB5AE /* FlashCardViewController.swift */ = {isa = PBXFileReference; fileEncoding = 4; lastKnownFileType = sourcecode.swift; path = FlashCardViewController.swift; sourceTree = "<group>"; };
		E3ED8C121AF5F58600DCB5AE /* FlashCards.entitlements */ = {isa = PBXFileReference; lastKnownFileType = text.xml; path = FlashCards.entitlements; sourceTree = "<group>"; };
		E3ED8C131AF5F61D00DCB5AE /* FlashCards WatchKit Extension.entitlements */ = {isa = PBXFileReference; lastKnownFileType = text.xml; path = "FlashCards WatchKit Extension.entitlements"; sourceTree = "<group>"; };
		E3F268F01AFC8F2500185037 /* StackViewController.swift */ = {isa = PBXFileReference; fileEncoding = 4; lastKnownFileType = sourcecode.swift; path = StackViewController.swift; sourceTree = "<group>"; };
		E3FEAAC01E0E0B0000536007 /* UIViewController+Extension.swift */ = {isa = PBXFileReference; fileEncoding = 4; lastKnownFileType = sourcecode.swift; name = "UIViewController+Extension.swift"; path = "Extensions/UIViewController+Extension.swift"; sourceTree = "<group>"; };
		E3FEAAC21E0E316F00536007 /* Stack.swift */ = {isa = PBXFileReference; fileEncoding = 4; lastKnownFileType = sourcecode.swift; name = Stack.swift; path = Model/Stack.swift; sourceTree = "<group>"; };
		E3FEAAC51E0E49E900536007 /* CloudKitSyncManager.swift */ = {isa = PBXFileReference; fileEncoding = 4; lastKnownFileType = sourcecode.swift; name = CloudKitSyncManager.swift; path = Controllers/CloudKitSyncManager.swift; sourceTree = "<group>"; };
/* End PBXFileReference section */

/* Begin PBXFrameworksBuildPhase section */
		E3ED8BB71AF51D2300DCB5AE /* Frameworks */ = {
			isa = PBXFrameworksBuildPhase;
			buildActionMask = 2147483647;
			files = (
				E39AC7141E10CD7A0030ECEC /* RealmSwift.framework in Frameworks */,
				E39AC7131E10CD7A0030ECEC /* Realm.framework in Frameworks */,
				E34E865C1E0670BE00177EEA /* ZLSwipeableViewSwift.framework in Frameworks */,
				E34E86601E0677E000177EEA /* CloudKit.framework in Frameworks */,
				E30A32091AF7142200D5338E /* Crashlytics.framework in Frameworks */,
				E30A32081AF7142200D5338E /* Fabric.framework in Frameworks */,
			);
			runOnlyForDeploymentPostprocessing = 0;
		};
		E3ED8BCC1AF51D2300DCB5AE /* Frameworks */ = {
			isa = PBXFrameworksBuildPhase;
			buildActionMask = 2147483647;
			files = (
			);
			runOnlyForDeploymentPostprocessing = 0;
		};
		E3ED8BE01AF51DCE00DCB5AE /* Frameworks */ = {
			isa = PBXFrameworksBuildPhase;
			buildActionMask = 2147483647;
			files = (
			);
			runOnlyForDeploymentPostprocessing = 0;
		};
		E9FE6DD53143F182F975DE1B /* Frameworks */ = {
			isa = PBXFrameworksBuildPhase;
			buildActionMask = 2147483647;
			files = (
			);
			runOnlyForDeploymentPostprocessing = 0;
		};
/* End PBXFrameworksBuildPhase section */

/* Begin PBXGroup section */
		E31136221E062179005941A8 /* Storyboards */ = {
			isa = PBXGroup;
			children = (
				E3ED8BC31AF51D2300DCB5AE /* Main.storyboard */,
				E300B1891E18806100717867 /* LaunchScreen.storyboard */,
			);
			name = Storyboards;
			sourceTree = "<group>";
		};
		E34E86671E07A2FF00177EEA /* Promises */ = {
			isa = PBXGroup;
			children = (
				E34E86681E07A33E00177EEA /* Promise.swift */,
			);
			name = Promises;
			sourceTree = "<group>";
		};
		E37D05971B17037700AFF559 /* Views */ = {
			isa = PBXGroup;
			children = (
				E39AC70A1E10A09F0030ECEC /* Cells */,
				E3B728F01E1732A200C7C719 /* CardUI.swift */,
				E394C39D1E13501C00ACA589 /* CardView.swift */,
				E37D059A1B17039300AFF559 /* CardView.xib */,
				E3B728E61E16F05500C7C719 /* CardHeaderCollectionReusableView.swift */,
				E3B728E71E16F05500C7C719 /* CardHeaderCollectionReusableView.xib */,
				E34E866B1E07A5BD00177EEA /* LoadingView.swift */,
				E391693A1E1CC57A00FD2F3B /* ProgressBar.swift */,
			);
			name = Views;
			sourceTree = "<group>";
		};
		E38437701E060F2800A42CAB /* Frameworks */ = {
			isa = PBXGroup;
			children = (
				E3A126F11E1A37D400AB5310 /* Realm.framework */,
				E3A126F21E1A37D400AB5310 /* RealmSwift.framework */,
				E3D517DC1E1230E6008B38CD /* RealmSwift.framework */,
				E3D517DA1E1230E4008B38CD /* Realm.framework */,
				E39AC7111E10CD7A0030ECEC /* Realm.framework */,
				E39AC7121E10CD7A0030ECEC /* RealmSwift.framework */,
				E34E865F1E0677E000177EEA /* CloudKit.framework */,
				E34E865B1E0670BE00177EEA /* ZLSwipeableViewSwift.framework */,
				E30A32061AF7142200D5338E /* Fabric.framework */,
				E30A32071AF7142200D5338E /* Crashlytics.framework */,
			);
			name = Frameworks;
			sourceTree = "<group>";
		};
		E39AC70A1E10A09F0030ECEC /* Cells */ = {
			isa = PBXGroup;
			children = (
				E39AC70B1E10A0EA0030ECEC /* StackCell.swift */,
				E39AC70C1E10A0EA0030ECEC /* StackCell.xib */,
				E3B728D41E146F7A00C7C719 /* CardCell.swift */,
				E3B728D51E146F7A00C7C719 /* CardCell.xib */,
				E3B728D81E1470E100C7C719 /* BlankCardCell.swift */,
				E3B728D91E1470E100C7C719 /* BlankCardCell.xib */,
			);
			name = Cells;
			sourceTree = "<group>";
		};
		E3A126FF1E1B7E6C00AB5310 /* ViewControllers */ = {
			isa = PBXGroup;
			children = (
				E39AC70F1E10A2590030ECEC /* StacksViewController.swift */,
				E3F268F01AFC8F2500185037 /* StackViewController.swift */,
				E3ED8C0E1AF52CA200DCB5AE /* FlashCardViewController.swift */,
				E30C7C7F1B16D4CD008ACCC9 /* FlashCardsViewController.swift */,
				E3B728EC1E171FB700C7C719 /* NewStackViewController.swift */,
			);
			name = ViewControllers;
			sourceTree = "<group>";
		};
		E3D517E51E1242F2008B38CD /* Enums */ = {
			isa = PBXGroup;
			children = (
				E3D517E61E12430A008B38CD /* RecordZone.swift */,
				E394C3971E126C6500ACA589 /* RecordType.swift */,
				E3B728D21E145E1800C7C719 /* Storyboard.swift */,
				E3B728EE1E172E3400C7C719 /* CardSide.swift */,
				E3A126F81E1A3F1800AB5310 /* WatchMessage.swift */,
			);
			name = Enums;
			sourceTree = "<group>";
		};
		E3D517E91E12452C008B38CD /* Protocols */ = {
			isa = PBXGroup;
			children = (
				E3D517EA1E124544008B38CD /* CloudKitSyncable.swift */,
				E394C39F1E13631100ACA589 /* ViewNibNestable.swift */,
				E3B728DC1E148F4D00C7C719 /* KeyboardAvoidable.swift */,
				E3B728DE1E14B64700C7C719 /* RealmNotifiable.swift */,
			);
			name = Protocols;
			sourceTree = "<group>";
		};
		E3ED8BB11AF51D2300DCB5AE = {
			isa = PBXGroup;
			children = (
				E3ED8BBC1AF51D2300DCB5AE /* FlashCards */,
				E30496371AF6A2230007B951 /* Images.xcassets */,
				E3ED8BD21AF51D2300DCB5AE /* FlashCardsTests */,
				E3ED8BE41AF51DCE00DCB5AE /* FlashCards WatchKit Extension */,
				E3ED8BF41AF51DCF00DCB5AE /* FlashCards WatchKit App */,
				E3ED8BBB1AF51D2300DCB5AE /* Products */,
				E38437701E060F2800A42CAB /* Frameworks */,
				E3EA4CC71AF7565200874792 /* .gitignore */,
			);
			sourceTree = "<group>";
		};
		E3ED8BBB1AF51D2300DCB5AE /* Products */ = {
			isa = PBXGroup;
			children = (
				E3ED8BBA1AF51D2300DCB5AE /* FlashCards.app */,
				E3ED8BCF1AF51D2300DCB5AE /* FlashCardsTests.xctest */,
				E3ED8BE31AF51DCE00DCB5AE /* FlashCards WatchKit Extension.appex */,
				E3ED8BF01AF51DCE00DCB5AE /* FlashCards WatchKit App.app */,
			);
			name = Products;
			sourceTree = "<group>";
		};
		E3ED8BBC1AF51D2300DCB5AE /* FlashCards */ = {
			isa = PBXGroup;
			children = (
				E3ED8C121AF5F58600DCB5AE /* FlashCards.entitlements */,
				E3ED8BBF1AF51D2300DCB5AE /* AppDelegate.swift */,
				E3ED8C0A1AF5242C00DCB5AE /* Controllers */,
				E3D517E51E1242F2008B38CD /* Enums */,
				E3FEAABF1E0E0ADF00536007 /* Extensions */,
				E3ED8C0B1AF5243E00DCB5AE /* Models */,
				E34E86671E07A2FF00177EEA /* Promises */,
				E3D517E91E12452C008B38CD /* Protocols */,
				E37D05971B17037700AFF559 /* Views */,
				E3A126FF1E1B7E6C00AB5310 /* ViewControllers */,
				E31136221E062179005941A8 /* Storyboards */,
				E3ED8BBD1AF51D2300DCB5AE /* Supporting Files */,
			);
			path = FlashCards;
			sourceTree = "<group>";
		};
		E3ED8BBD1AF51D2300DCB5AE /* Supporting Files */ = {
			isa = PBXGroup;
			children = (
				E3ED8BBE1AF51D2300DCB5AE /* Info.plist */,
				E3203ACB1B16F62E008EBDC8 /* ColorExtension.swift */,
			);
			name = "Supporting Files";
			sourceTree = "<group>";
		};
		E3ED8BD21AF51D2300DCB5AE /* FlashCardsTests */ = {
			isa = PBXGroup;
			children = (
				E3ED8BD51AF51D2300DCB5AE /* FlashCardsTests.swift */,
				E3ED8BD31AF51D2300DCB5AE /* Supporting Files */,
			);
			path = FlashCardsTests;
			sourceTree = "<group>";
		};
		E3ED8BD31AF51D2300DCB5AE /* Supporting Files */ = {
			isa = PBXGroup;
			children = (
				E3ED8BD41AF51D2300DCB5AE /* Info.plist */,
			);
			name = "Supporting Files";
			sourceTree = "<group>";
		};
		E3ED8BE41AF51DCE00DCB5AE /* FlashCards WatchKit Extension */ = {
			isa = PBXGroup;
			children = (
				E3ED8C131AF5F61D00DCB5AE /* FlashCards WatchKit Extension.entitlements */,
				E3ED8BEA1AF51DCE00DCB5AE /* NotificationController.swift */,
				E3ED8BEC1AF51DCE00DCB5AE /* Images.xcassets */,
				E3ED8BE51AF51DCE00DCB5AE /* Supporting Files */,
			);
			path = "FlashCards WatchKit Extension";
			sourceTree = "<group>";
		};
		E3ED8BE51AF51DCE00DCB5AE /* Supporting Files */ = {
			isa = PBXGroup;
			children = (
				E3ED8BE61AF51DCE00DCB5AE /* Info.plist */,
				E3ED8BE71AF51DCE00DCB5AE /* PushNotificationPayload.apns */,
			);
			name = "Supporting Files";
			sourceTree = "<group>";
		};
		E3ED8BF41AF51DCF00DCB5AE /* FlashCards WatchKit App */ = {
			isa = PBXGroup;
			children = (
				E308DBCF1AFB326600B37891 /* FlashCardsInterfaceController.swift */,
				E308DBCB1AFB325600B37891 /* StacksInterfaceController.swift */,
				E308DBD31AFB3E8500B37891 /* Interface.storyboard */,
				E3ED8BFA1AF51DCF00DCB5AE /* Images.xcassets */,
				E3ED8BF51AF51DCF00DCB5AE /* Supporting Files */,
			);
			path = "FlashCards WatchKit App";
			sourceTree = "<group>";
		};
		E3ED8BF51AF51DCF00DCB5AE /* Supporting Files */ = {
			isa = PBXGroup;
			children = (
				E3ED8BF61AF51DCF00DCB5AE /* Info.plist */,
			);
			name = "Supporting Files";
			sourceTree = "<group>";
		};
		E3ED8C0A1AF5242C00DCB5AE /* Controllers */ = {
			isa = PBXGroup;
			children = (
				E34E86611E067E5100177EEA /* CloudKitController.swift */,
				E3FEAAC51E0E49E900536007 /* CloudKitSyncManager.swift */,
				E3D517E11E123363008B38CD /* RealmMigrator.swift */,
				E300B1811E17993300717867 /* ImagePermissionManager.swift */,
				E300B1831E17A09000717867 /* ImageSelectionManager.swift */,
			);
			name = Controllers;
			sourceTree = "<group>";
		};
		E3ED8C0B1AF5243E00DCB5AE /* Models */ = {
			isa = PBXGroup;
			children = (
				E3FEAAC21E0E316F00536007 /* Stack.swift */,
				E38437671E06093B00A42CAB /* Card.swift */,
				E38437691E06096200A42CAB /* Subject.swift */,
				E3D517DE1E123125008B38CD /* OldCard.swift */,
				E34E86631E0688A900177EEA /* CloudKitCodable.swift */,
			);
			name = Models;
			sourceTree = "<group>";
		};
		E3FEAABF1E0E0ADF00536007 /* Extensions */ = {
			isa = PBXGroup;
			children = (
				E3B728E21E15D2DF00C7C719 /* CKAsset+Extension.swift */,
				E3A126FB1E1B7DAA00AB5310 /* CKQuery+Extension.swift */,
				E394C39A1E126CD000ACA589 /* CKRecord+Extension.swift */,
				E3A126FD1E1B7DD600AB5310 /* CKSubscription+Extension.swift */,
				E300B18B1E18887100717867 /* NSPredicate+Extension.swift */,
				E3B728D01E145BD400C7C719 /* UICollectionView+Extension.swift */,
				E3B728E01E15CBD200C7C719 /* UIImage+Extension.swift */,
				E394C3A11E13638100ACA589 /* UIView+Extension.swift */,
				E3FEAAC01E0E0B0000536007 /* UIViewController+Extension.swift */,
				E3B728EA1E170EBE00C7C719 /* ZLSwipeableViewSwift+Extension.swift */,
				E3BD38F21E1B9AE800C212A4 /* WatchMessage+Extension.swift */,
			);
			name = Extensions;
			sourceTree = "<group>";
		};
/* End PBXGroup section */

/* Begin PBXNativeTarget section */
		E3ED8BB91AF51D2300DCB5AE /* FlashCards */ = {
			isa = PBXNativeTarget;
			buildConfigurationList = E3ED8BD91AF51D2300DCB5AE /* Build configuration list for PBXNativeTarget "FlashCards" */;
			buildPhases = (
				E3ED8BB61AF51D2300DCB5AE /* Sources */,
				E3ED8BB71AF51D2300DCB5AE /* Frameworks */,
				E3ED8BB81AF51D2300DCB5AE /* Resources */,
				E39E3E5A1AFB487900E899FC /* CopyFiles */,
				E30A32051AF713F000D5338E /* ShellScript */,
				E38437731E060F6900A42CAB /* ShellScript */,
				E341B22C1DEBD606008C2034 /* Embed Watch Content */,
			);
			buildRules = (
			);
			dependencies = (
				E341B2271DEBD606008C2034 /* PBXTargetDependency */,
			);
			name = FlashCards;
			productName = FlashCards;
			productReference = E3ED8BBA1AF51D2300DCB5AE /* FlashCards.app */;
			productType = "com.apple.product-type.application";
		};
		E3ED8BCE1AF51D2300DCB5AE /* FlashCardsTests */ = {
			isa = PBXNativeTarget;
			buildConfigurationList = E3ED8BDC1AF51D2300DCB5AE /* Build configuration list for PBXNativeTarget "FlashCardsTests" */;
			buildPhases = (
				E3ED8BCB1AF51D2300DCB5AE /* Sources */,
				E3ED8BCC1AF51D2300DCB5AE /* Frameworks */,
				E3ED8BCD1AF51D2300DCB5AE /* Resources */,
			);
			buildRules = (
			);
			dependencies = (
				E3ED8BD11AF51D2300DCB5AE /* PBXTargetDependency */,
			);
			name = FlashCardsTests;
			productName = FlashCardsTests;
			productReference = E3ED8BCF1AF51D2300DCB5AE /* FlashCardsTests.xctest */;
			productType = "com.apple.product-type.bundle.unit-test";
		};
		E3ED8BE21AF51DCE00DCB5AE /* FlashCards WatchKit Extension */ = {
			isa = PBXNativeTarget;
			buildConfigurationList = E3ED8C021AF51DCF00DCB5AE /* Build configuration list for PBXNativeTarget "FlashCards WatchKit Extension" */;
			buildPhases = (
				E3ED8BDF1AF51DCE00DCB5AE /* Sources */,
				E3ED8BE01AF51DCE00DCB5AE /* Frameworks */,
				E3ED8BE11AF51DCE00DCB5AE /* Resources */,
			);
			buildRules = (
			);
			dependencies = (
			);
			name = "FlashCards WatchKit Extension";
			productName = "FlashCards WatchKit Extension";
			productReference = E3ED8BE31AF51DCE00DCB5AE /* FlashCards WatchKit Extension.appex */;
			productType = "com.apple.product-type.watchkit2-extension";
		};
		E3ED8BEF1AF51DCE00DCB5AE /* FlashCards WatchKit App */ = {
			isa = PBXNativeTarget;
			buildConfigurationList = E3ED8BFF1AF51DCF00DCB5AE /* Build configuration list for PBXNativeTarget "FlashCards WatchKit App" */;
			buildPhases = (
				E3ED8BEE1AF51DCE00DCB5AE /* Resources */,
				E9FE6DD53143F182F975DE1B /* Frameworks */,
				E341B22B1DEBD606008C2034 /* Embed App Extensions */,
			);
			buildRules = (
			);
			dependencies = (
				E341B2241DEBD606008C2034 /* PBXTargetDependency */,
			);
			name = "FlashCards WatchKit App";
			productName = "FlashCards WatchKit App";
			productReference = E3ED8BF01AF51DCE00DCB5AE /* FlashCards WatchKit App.app */;
			productType = "com.apple.product-type.application.watchapp2";
		};
/* End PBXNativeTarget section */

/* Begin PBXProject section */
		E3ED8BB21AF51D2300DCB5AE /* Project object */ = {
			isa = PBXProject;
			attributes = {
				LastUpgradeCheck = 0820;
				ORGANIZATIONNAME = "Roy McKenzie";
				TargetAttributes = {
					E3ED8BB91AF51D2300DCB5AE = {
						CreatedOnToolsVersion = 6.3.1;
						DevelopmentTeam = CFMN9525RF;
						LastSwiftMigration = 0820;
						SystemCapabilities = {
							com.apple.ApplicationGroups.iOS = {
								enabled = 1;
							};
							com.apple.BackgroundModes = {
								enabled = 1;
							};
							com.apple.Push = {
								enabled = 1;
							};
							com.apple.iCloud = {
								enabled = 1;
							};
						};
					};
					E3ED8BCE1AF51D2300DCB5AE = {
						CreatedOnToolsVersion = 6.3.1;
						LastSwiftMigration = 0810;
						TestTargetID = E3ED8BB91AF51D2300DCB5AE;
					};
					E3ED8BE21AF51DCE00DCB5AE = {
						CreatedOnToolsVersion = 6.3.1;
						DevelopmentTeam = CFMN9525RF;
						LastSwiftMigration = 0820;
						SystemCapabilities = {
							com.apple.ApplicationGroups.iOS = {
								enabled = 1;
							};
						};
					};
					E3ED8BEF1AF51DCE00DCB5AE = {
						CreatedOnToolsVersion = 6.3.1;
						DevelopmentTeam = CFMN9525RF;
						LastSwiftMigration = 0820;
					};
				};
			};
			buildConfigurationList = E3ED8BB51AF51D2300DCB5AE /* Build configuration list for PBXProject "FlashCards" */;
			compatibilityVersion = "Xcode 3.2";
			developmentRegion = English;
			hasScannedForEncodings = 0;
			knownRegions = (
				en,
				Base,
			);
			mainGroup = E3ED8BB11AF51D2300DCB5AE;
			productRefGroup = E3ED8BBB1AF51D2300DCB5AE /* Products */;
			projectDirPath = "";
			projectRoot = "";
			targets = (
				E3ED8BB91AF51D2300DCB5AE /* FlashCards */,
				E3ED8BCE1AF51D2300DCB5AE /* FlashCardsTests */,
				E3ED8BE21AF51DCE00DCB5AE /* FlashCards WatchKit Extension */,
				E3ED8BEF1AF51DCE00DCB5AE /* FlashCards WatchKit App */,
			);
		};
/* End PBXProject section */

/* Begin PBXResourcesBuildPhase section */
		E3ED8BB81AF51D2300DCB5AE /* Resources */ = {
			isa = PBXResourcesBuildPhase;
			buildActionMask = 2147483647;
			files = (
				E39AC70E1E10A0EA0030ECEC /* StackCell.xib in Resources */,
				E3B728D71E146F7A00C7C719 /* CardCell.xib in Resources */,
				E3B728E91E16F05500C7C719 /* CardHeaderCollectionReusableView.xib in Resources */,
				E300B18A1E18806100717867 /* LaunchScreen.storyboard in Resources */,
				E30496381AF6A2230007B951 /* Images.xcassets in Resources */,
				E3EA4CC81AF7565200874792 /* .gitignore in Resources */,
				E37D059B1B17039300AFF559 /* CardView.xib in Resources */,
				E3B728DB1E1470E100C7C719 /* BlankCardCell.xib in Resources */,
				E349DA3F1E06203500EAA6D0 /* Main.storyboard in Resources */,
			);
			runOnlyForDeploymentPostprocessing = 0;
		};
		E3ED8BCD1AF51D2300DCB5AE /* Resources */ = {
			isa = PBXResourcesBuildPhase;
			buildActionMask = 2147483647;
			files = (
			);
			runOnlyForDeploymentPostprocessing = 0;
		};
		E3ED8BE11AF51DCE00DCB5AE /* Resources */ = {
			isa = PBXResourcesBuildPhase;
			buildActionMask = 2147483647;
			files = (
				E3ED8BED1AF51DCE00DCB5AE /* Images.xcassets in Resources */,
			);
			runOnlyForDeploymentPostprocessing = 0;
		};
		E3ED8BEE1AF51DCE00DCB5AE /* Resources */ = {
			isa = PBXResourcesBuildPhase;
			buildActionMask = 2147483647;
			files = (
				E308DBD51AFB3E8500B37891 /* Interface.storyboard in Resources */,
				E3ED8BFB1AF51DCF00DCB5AE /* Images.xcassets in Resources */,
			);
			runOnlyForDeploymentPostprocessing = 0;
		};
/* End PBXResourcesBuildPhase section */

/* Begin PBXShellScriptBuildPhase section */
		E30A32051AF713F000D5338E /* ShellScript */ = {
			isa = PBXShellScriptBuildPhase;
			buildActionMask = 2147483647;
			files = (
			);
			inputPaths = (
			);
			outputPaths = (
			);
			runOnlyForDeploymentPostprocessing = 0;
			shellPath = /bin/sh;
			shellScript = "./Fabric.framework/run 167083b18cbb4f94024cad2fb3b6baf472815f90 2515a5a21d3705e71bf4186310498a41035faea0741760e9f335179121c0dcd0";
		};
		E38437731E060F6900A42CAB /* ShellScript */ = {
			isa = PBXShellScriptBuildPhase;
			buildActionMask = 12;
			files = (
			);
			inputPaths = (
				"$(SRCROOT)/Carthage/Build/iOS/ZLSwipeableViewSwift.framework",
				"$(SRCROOT)/Carthage/Build/iOS/Realm.framework",
				"$(SRCROOT)/Carthage/Build/iOS/RealmSwift.framework",
			);
			outputPaths = (
			);
			runOnlyForDeploymentPostprocessing = 0;
			shellPath = /bin/sh;
			shellScript = "/usr/local/bin/carthage copy-frameworks";
		};
/* End PBXShellScriptBuildPhase section */

/* Begin PBXSourcesBuildPhase section */
		E3ED8BB61AF51D2300DCB5AE /* Sources */ = {
			isa = PBXSourcesBuildPhase;
			buildActionMask = 2147483647;
			files = (
				E394C3A21E13638100ACA589 /* UIView+Extension.swift in Sources */,
				E394C39E1E13501C00ACA589 /* CardView.swift in Sources */,
				E3A126FC1E1B7DAA00AB5310 /* CKQuery+Extension.swift in Sources */,
				E3B728D61E146F7A00C7C719 /* CardCell.swift in Sources */,
				E300B1821E17993300717867 /* ImagePermissionManager.swift in Sources */,
				E3B728DD1E148F4D00C7C719 /* KeyboardAvoidable.swift in Sources */,
				E384376A1E06096200A42CAB /* Subject.swift in Sources */,
				E3B728DF1E14B64700C7C719 /* RealmNotifiable.swift in Sources */,
				E391693B1E1CC57A00FD2F3B /* ProgressBar.swift in Sources */,
				E3D517EB1E124544008B38CD /* CloudKitSyncable.swift in Sources */,
				E3B728D11E145BD400C7C719 /* UICollectionView+Extension.swift in Sources */,
				E3B728F11E1732A200C7C719 /* CardUI.swift in Sources */,
				E3F268F11AFC8F2500185037 /* StackViewController.swift in Sources */,
				E3B728EF1E172E3400C7C719 /* CardSide.swift in Sources */,
				E3B728ED1E171FB700C7C719 /* NewStackViewController.swift in Sources */,
				E3D517E21E123363008B38CD /* RealmMigrator.swift in Sources */,
				E3FEAAC11E0E0B0000536007 /* UIViewController+Extension.swift in Sources */,
				E3203ACC1B16F62E008EBDC8 /* ColorExtension.swift in Sources */,
				E394C3A01E13631100ACA589 /* ViewNibNestable.swift in Sources */,
				E3B728DA1E1470E100C7C719 /* BlankCardCell.swift in Sources */,
				E3B728D31E145E1800C7C719 /* Storyboard.swift in Sources */,
				E3B728E31E15D2DF00C7C719 /* CKAsset+Extension.swift in Sources */,
				E3A126F91E1A3F1800AB5310 /* WatchMessage.swift in Sources */,
				E34E86641E0688A900177EEA /* CloudKitCodable.swift in Sources */,
				E30C7C801B16D4CD008ACCC9 /* FlashCardsViewController.swift in Sources */,
				E394C39B1E126CD000ACA589 /* CKRecord+Extension.swift in Sources */,
				E3FEAAC31E0E316F00536007 /* Stack.swift in Sources */,
				E39AC7101E10A2590030ECEC /* StacksViewController.swift in Sources */,
				E34E866C1E07A5BD00177EEA /* LoadingView.swift in Sources */,
				E39AC70D1E10A0EA0030ECEC /* StackCell.swift in Sources */,
				E3D517DF1E123125008B38CD /* OldCard.swift in Sources */,
				E300B18C1E18887100717867 /* NSPredicate+Extension.swift in Sources */,
				E3B728E81E16F05500C7C719 /* CardHeaderCollectionReusableView.swift in Sources */,
				E3A126FE1E1B7DD600AB5310 /* CKSubscription+Extension.swift in Sources */,
				E3BD38F31E1B9AE800C212A4 /* WatchMessage+Extension.swift in Sources */,
				E34E86691E07A33E00177EEA /* Promise.swift in Sources */,
				E38437681E06093B00A42CAB /* Card.swift in Sources */,
				E3D517E71E12430A008B38CD /* RecordZone.swift in Sources */,
				E300B1841E17A09000717867 /* ImageSelectionManager.swift in Sources */,
				E3ED8BC01AF51D2300DCB5AE /* AppDelegate.swift in Sources */,
				E3B728E11E15CBD200C7C719 /* UIImage+Extension.swift in Sources */,
				E3B728EB1E170EBE00C7C719 /* ZLSwipeableViewSwift+Extension.swift in Sources */,
				E394C3981E126C6500ACA589 /* RecordType.swift in Sources */,
				E3FEAAC61E0E49E900536007 /* CloudKitSyncManager.swift in Sources */,
				E34E86621E067E5100177EEA /* CloudKitController.swift in Sources */,
				E3ED8C0F1AF52CA200DCB5AE /* FlashCardViewController.swift in Sources */,
			);
			runOnlyForDeploymentPostprocessing = 0;
		};
		E3ED8BCB1AF51D2300DCB5AE /* Sources */ = {
			isa = PBXSourcesBuildPhase;
			buildActionMask = 2147483647;
			files = (
				E3ED8BD61AF51D2300DCB5AE /* FlashCardsTests.swift in Sources */,
			);
			runOnlyForDeploymentPostprocessing = 0;
		};
		E3ED8BDF1AF51DCE00DCB5AE /* Sources */ = {
			isa = PBXSourcesBuildPhase;
			buildActionMask = 2147483647;
			files = (
				E308DBCC1AFB325600B37891 /* StacksInterfaceController.swift in Sources */,
				E3ED8BEB1AF51DCE00DCB5AE /* NotificationController.swift in Sources */,
				E3A126FA1E1A3F5F00AB5310 /* WatchMessage.swift in Sources */,
				E308DBD01AFB326600B37891 /* FlashCardsInterfaceController.swift in Sources */,
			);
			runOnlyForDeploymentPostprocessing = 0;
		};
/* End PBXSourcesBuildPhase section */

/* Begin PBXTargetDependency section */
		E341B2241DEBD606008C2034 /* PBXTargetDependency */ = {
			isa = PBXTargetDependency;
			target = E3ED8BE21AF51DCE00DCB5AE /* FlashCards WatchKit Extension */;
			targetProxy = E341B2231DEBD606008C2034 /* PBXContainerItemProxy */;
		};
		E341B2271DEBD606008C2034 /* PBXTargetDependency */ = {
			isa = PBXTargetDependency;
			target = E3ED8BEF1AF51DCE00DCB5AE /* FlashCards WatchKit App */;
			targetProxy = E341B2261DEBD606008C2034 /* PBXContainerItemProxy */;
		};
		E3ED8BD11AF51D2300DCB5AE /* PBXTargetDependency */ = {
			isa = PBXTargetDependency;
			target = E3ED8BB91AF51D2300DCB5AE /* FlashCards */;
			targetProxy = E3ED8BD01AF51D2300DCB5AE /* PBXContainerItemProxy */;
		};
/* End PBXTargetDependency section */

/* Begin PBXVariantGroup section */
		E308DBD31AFB3E8500B37891 /* Interface.storyboard */ = {
			isa = PBXVariantGroup;
			children = (
				E308DBD41AFB3E8500B37891 /* Base */,
			);
			name = Interface.storyboard;
			sourceTree = "<group>";
		};
		E3ED8BC31AF51D2300DCB5AE /* Main.storyboard */ = {
			isa = PBXVariantGroup;
			children = (
				E3ED8BC41AF51D2300DCB5AE /* Base */,
			);
			name = Main.storyboard;
			sourceTree = "<group>";
		};
/* End PBXVariantGroup section */

/* Begin XCBuildConfiguration section */
		E3ED8BD71AF51D2300DCB5AE /* Debug */ = {
			isa = XCBuildConfiguration;
			buildSettings = {
				ALWAYS_SEARCH_USER_PATHS = NO;
				CLANG_CXX_LANGUAGE_STANDARD = "gnu++0x";
				CLANG_CXX_LIBRARY = "libc++";
				CLANG_ENABLE_MODULES = YES;
				CLANG_ENABLE_OBJC_ARC = YES;
				CLANG_WARN_BOOL_CONVERSION = YES;
				CLANG_WARN_CONSTANT_CONVERSION = YES;
				CLANG_WARN_DIRECT_OBJC_ISA_USAGE = YES_ERROR;
				CLANG_WARN_EMPTY_BODY = YES;
				CLANG_WARN_ENUM_CONVERSION = YES;
				CLANG_WARN_INFINITE_RECURSION = YES;
				CLANG_WARN_INT_CONVERSION = YES;
				CLANG_WARN_OBJC_ROOT_CLASS = YES_ERROR;
				CLANG_WARN_SUSPICIOUS_MOVE = YES;
				CLANG_WARN_UNREACHABLE_CODE = YES;
				CLANG_WARN__DUPLICATE_METHOD_MATCH = YES;
				"CODE_SIGN_IDENTITY[sdk=iphoneos*]" = "iPhone Developer";
				COPY_PHASE_STRIP = NO;
				DEBUG_INFORMATION_FORMAT = "dwarf-with-dsym";
				ENABLE_STRICT_OBJC_MSGSEND = YES;
				ENABLE_TESTABILITY = YES;
				GCC_C_LANGUAGE_STANDARD = gnu99;
				GCC_DYNAMIC_NO_PIC = NO;
				GCC_NO_COMMON_BLOCKS = YES;
				GCC_OPTIMIZATION_LEVEL = 0;
				GCC_PREPROCESSOR_DEFINITIONS = (
					"DEBUG=1",
					"$(inherited)",
				);
				GCC_SYMBOLS_PRIVATE_EXTERN = NO;
				GCC_WARN_64_TO_32_BIT_CONVERSION = YES;
				GCC_WARN_ABOUT_RETURN_TYPE = YES_ERROR;
				GCC_WARN_UNDECLARED_SELECTOR = YES;
				GCC_WARN_UNINITIALIZED_AUTOS = YES_AGGRESSIVE;
				GCC_WARN_UNUSED_FUNCTION = YES;
				GCC_WARN_UNUSED_VARIABLE = YES;
				IPHONEOS_DEPLOYMENT_TARGET = 8.2;
				MTL_ENABLE_DEBUG_INFO = YES;
				ONLY_ACTIVE_ARCH = YES;
				OTHER_LDFLAGS = "";
				SDKROOT = iphoneos;
				SWIFT_OPTIMIZATION_LEVEL = "-Onone";
			};
			name = Debug;
		};
		E3ED8BD81AF51D2300DCB5AE /* Release */ = {
			isa = XCBuildConfiguration;
			buildSettings = {
				ALWAYS_SEARCH_USER_PATHS = NO;
				CLANG_CXX_LANGUAGE_STANDARD = "gnu++0x";
				CLANG_CXX_LIBRARY = "libc++";
				CLANG_ENABLE_MODULES = YES;
				CLANG_ENABLE_OBJC_ARC = YES;
				CLANG_WARN_BOOL_CONVERSION = YES;
				CLANG_WARN_CONSTANT_CONVERSION = YES;
				CLANG_WARN_DIRECT_OBJC_ISA_USAGE = YES_ERROR;
				CLANG_WARN_EMPTY_BODY = YES;
				CLANG_WARN_ENUM_CONVERSION = YES;
				CLANG_WARN_INFINITE_RECURSION = YES;
				CLANG_WARN_INT_CONVERSION = YES;
				CLANG_WARN_OBJC_ROOT_CLASS = YES_ERROR;
				CLANG_WARN_SUSPICIOUS_MOVE = YES;
				CLANG_WARN_UNREACHABLE_CODE = YES;
				CLANG_WARN__DUPLICATE_METHOD_MATCH = YES;
				"CODE_SIGN_IDENTITY[sdk=iphoneos*]" = "iPhone Developer";
				COPY_PHASE_STRIP = NO;
				DEBUG_INFORMATION_FORMAT = "dwarf-with-dsym";
				ENABLE_NS_ASSERTIONS = NO;
				ENABLE_STRICT_OBJC_MSGSEND = YES;
				GCC_C_LANGUAGE_STANDARD = gnu99;
				GCC_NO_COMMON_BLOCKS = YES;
				GCC_WARN_64_TO_32_BIT_CONVERSION = YES;
				GCC_WARN_ABOUT_RETURN_TYPE = YES_ERROR;
				GCC_WARN_UNDECLARED_SELECTOR = YES;
				GCC_WARN_UNINITIALIZED_AUTOS = YES_AGGRESSIVE;
				GCC_WARN_UNUSED_FUNCTION = YES;
				GCC_WARN_UNUSED_VARIABLE = YES;
				IPHONEOS_DEPLOYMENT_TARGET = 8.2;
				MTL_ENABLE_DEBUG_INFO = NO;
				OTHER_LDFLAGS = "";
				SDKROOT = iphoneos;
				SWIFT_OPTIMIZATION_LEVEL = "-Owholemodule";
				VALIDATE_PRODUCT = YES;
			};
			name = Release;
		};
		E3ED8BDA1AF51D2300DCB5AE /* Debug */ = {
			isa = XCBuildConfiguration;
			buildSettings = {
				ALWAYS_EMBED_SWIFT_STANDARD_LIBRARIES = YES;
				APPLICATION_EXTENSION_API_ONLY = NO;
				ASSETCATALOG_COMPILER_APPICON_NAME = AppIcon;
				CODE_SIGN_ENTITLEMENTS = FlashCards/FlashCards.entitlements;
				CODE_SIGN_IDENTITY = "iPhone Developer";
				"CODE_SIGN_IDENTITY[sdk=iphoneos*]" = "iPhone Developer";
				DEVELOPMENT_TEAM = CFMN9525RF;
				FRAMEWORK_SEARCH_PATHS = (
					"$(inherited)",
					"$(PROJECT_DIR)",
					"$(PROJECT_DIR)/Carthage/Build/iOS",
				);
				INFOPLIST_FILE = FlashCards/Info.plist;
				IPHONEOS_DEPLOYMENT_TARGET = 9;
				LD_RUNPATH_SEARCH_PATHS = "$(inherited) @executable_path/Frameworks";
				OTHER_LDFLAGS = "";
				PRODUCT_BUNDLE_IDENTIFIER = "com.roymckenzie.$(PRODUCT_NAME:rfc1034identifier)";
				PRODUCT_NAME = "$(TARGET_NAME)";
				PROVISIONING_PROFILE = "";
				SWIFT_VERSION = 3.0;
				TARGETED_DEVICE_FAMILY = "1,2";
			};
			name = Debug;
		};
		E3ED8BDB1AF51D2300DCB5AE /* Release */ = {
			isa = XCBuildConfiguration;
			buildSettings = {
				ALWAYS_EMBED_SWIFT_STANDARD_LIBRARIES = YES;
				APPLICATION_EXTENSION_API_ONLY = NO;
				ASSETCATALOG_COMPILER_APPICON_NAME = AppIcon;
				CODE_SIGN_ENTITLEMENTS = FlashCards/FlashCards.entitlements;
				CODE_SIGN_IDENTITY = "iPhone Developer";
				"CODE_SIGN_IDENTITY[sdk=iphoneos*]" = "iPhone Developer";
				DEVELOPMENT_TEAM = CFMN9525RF;
				FRAMEWORK_SEARCH_PATHS = (
					"$(inherited)",
					"$(PROJECT_DIR)",
					"$(PROJECT_DIR)/build/Debug-iphoneos/Pods",
					"$(PROJECT_DIR)/build/Debug-iphoneos/Pods-FlashCards",
					"$(PROJECT_DIR)/build/Debug-iphoneos",
					"$(PROJECT_DIR)/Carthage/Build/iOS",
				);
				INFOPLIST_FILE = FlashCards/Info.plist;
				IPHONEOS_DEPLOYMENT_TARGET = 9;
				LD_RUNPATH_SEARCH_PATHS = "$(inherited) @executable_path/Frameworks";
				OTHER_LDFLAGS = "";
				PRODUCT_BUNDLE_IDENTIFIER = "com.roymckenzie.$(PRODUCT_NAME:rfc1034identifier)";
				PRODUCT_NAME = "$(TARGET_NAME)";
				PROVISIONING_PROFILE = "";
				SWIFT_VERSION = 3.0;
				TARGETED_DEVICE_FAMILY = "1,2";
			};
			name = Release;
		};
		E3ED8BDD1AF51D2300DCB5AE /* Debug */ = {
			isa = XCBuildConfiguration;
			buildSettings = {
				BUNDLE_LOADER = "$(TEST_HOST)";
				FRAMEWORK_SEARCH_PATHS = (
					"$(SDKROOT)/Developer/Library/Frameworks",
					"$(inherited)",
				);
				GCC_PREPROCESSOR_DEFINITIONS = (
					"DEBUG=1",
					"$(inherited)",
				);
				INFOPLIST_FILE = FlashCardsTests/Info.plist;
				LD_RUNPATH_SEARCH_PATHS = "$(inherited) @executable_path/Frameworks @loader_path/Frameworks";
				PRODUCT_BUNDLE_IDENTIFIER = "co.roymckenzie.$(PRODUCT_NAME:rfc1034identifier)";
				PRODUCT_NAME = "$(TARGET_NAME)";
				SWIFT_VERSION = 3.0;
				TEST_HOST = "$(BUILT_PRODUCTS_DIR)/FlashCards.app/FlashCards";
			};
			name = Debug;
		};
		E3ED8BDE1AF51D2300DCB5AE /* Release */ = {
			isa = XCBuildConfiguration;
			buildSettings = {
				BUNDLE_LOADER = "$(TEST_HOST)";
				FRAMEWORK_SEARCH_PATHS = (
					"$(SDKROOT)/Developer/Library/Frameworks",
					"$(inherited)",
				);
				INFOPLIST_FILE = FlashCardsTests/Info.plist;
				LD_RUNPATH_SEARCH_PATHS = "$(inherited) @executable_path/Frameworks @loader_path/Frameworks";
				PRODUCT_BUNDLE_IDENTIFIER = "co.roymckenzie.$(PRODUCT_NAME:rfc1034identifier)";
				PRODUCT_NAME = "$(TARGET_NAME)";
				SWIFT_VERSION = 3.0;
				TEST_HOST = "$(BUILT_PRODUCTS_DIR)/FlashCards.app/FlashCards";
			};
			name = Release;
		};
		E3ED8C001AF51DCF00DCB5AE /* Debug */ = {
			isa = XCBuildConfiguration;
			buildSettings = {
				ALWAYS_EMBED_SWIFT_STANDARD_LIBRARIES = YES;
				APPLICATION_EXTENSION_API_ONLY = YES;
				ASSETCATALOG_COMPILER_APPICON_NAME = AppIcon;
				CODE_SIGN_IDENTITY = "iPhone Developer";
				FRAMEWORK_SEARCH_PATHS = (
					"$(inherited)",
					"$(PROJECT_DIR)/Carthage/Build/watchOS",
				);
				GCC_PREPROCESSOR_DEFINITIONS = (
					"DEBUG=1",
					"$(inherited)",
				);
				IBSC_MODULE = FlashCards_WatchKit_Extension;
				INFOPLIST_FILE = "FlashCards WatchKit App/Info.plist";
				PRODUCT_BUNDLE_IDENTIFIER = com.roymckenzie.FlashCards.watchkitapp;
				PRODUCT_NAME = "$(TARGET_NAME)";
				SDKROOT = watchos;
				SKIP_INSTALL = YES;
				SWIFT_VERSION = 3.0;
				TARGETED_DEVICE_FAMILY = 4;
				WATCHOS_DEPLOYMENT_TARGET = 2.0;
			};
			name = Debug;
		};
		E3ED8C011AF51DCF00DCB5AE /* Release */ = {
			isa = XCBuildConfiguration;
			buildSettings = {
				ALWAYS_EMBED_SWIFT_STANDARD_LIBRARIES = YES;
				APPLICATION_EXTENSION_API_ONLY = YES;
				ASSETCATALOG_COMPILER_APPICON_NAME = AppIcon;
				CODE_SIGN_IDENTITY = "iPhone Developer";
				FRAMEWORK_SEARCH_PATHS = (
					"$(inherited)",
					"$(PROJECT_DIR)/Carthage/Build/watchOS",
				);
				IBSC_MODULE = FlashCards_WatchKit_Extension;
				INFOPLIST_FILE = "FlashCards WatchKit App/Info.plist";
				PRODUCT_BUNDLE_IDENTIFIER = com.roymckenzie.FlashCards.watchkitapp;
				PRODUCT_NAME = "$(TARGET_NAME)";
				SDKROOT = watchos;
				SKIP_INSTALL = YES;
				SWIFT_VERSION = 3.0;
				TARGETED_DEVICE_FAMILY = 4;
				WATCHOS_DEPLOYMENT_TARGET = 2.0;
			};
			name = Release;
		};
		E3ED8C031AF51DCF00DCB5AE /* Debug */ = {
			isa = XCBuildConfiguration;
			buildSettings = {
				CODE_SIGN_ENTITLEMENTS = "FlashCards WatchKit Extension/FlashCards WatchKit Extension.entitlements";
				CODE_SIGN_IDENTITY = "iPhone Developer";
				"CODE_SIGN_IDENTITY[sdk=iphoneos*]" = "iPhone Developer";
				FRAMEWORK_SEARCH_PATHS = (
					"$(inherited)",
					"$(PROJECT_DIR)/Carthage/Build/watchOS",
				);
				GCC_PREPROCESSOR_DEFINITIONS = (
					"DEBUG=1",
					"$(inherited)",
				);
				INFOPLIST_FILE = "FlashCards WatchKit Extension/Info.plist";
				LD_RUNPATH_SEARCH_PATHS = "$(inherited) @executable_path/Frameworks @executable_path/../../Frameworks";
				PRODUCT_BUNDLE_IDENTIFIER = com.roymckenzie.FlashCards.watchkitapp.watchkitextension;
				PRODUCT_NAME = "${TARGET_NAME}";
				PROVISIONING_PROFILE = "";
				SDKROOT = watchos;
				SKIP_INSTALL = YES;
				SWIFT_VERSION = 3.0;
				TARGETED_DEVICE_FAMILY = 4;
				WATCHOS_DEPLOYMENT_TARGET = 2.0;
			};
			name = Debug;
		};
		E3ED8C041AF51DCF00DCB5AE /* Release */ = {
			isa = XCBuildConfiguration;
			buildSettings = {
				CODE_SIGN_ENTITLEMENTS = "FlashCards WatchKit Extension/FlashCards WatchKit Extension.entitlements";
				CODE_SIGN_IDENTITY = "iPhone Developer";
				"CODE_SIGN_IDENTITY[sdk=iphoneos*]" = "iPhone Developer";
				FRAMEWORK_SEARCH_PATHS = (
					"$(inherited)",
					"$(PROJECT_DIR)/Carthage/Build/watchOS",
				);
				INFOPLIST_FILE = "FlashCards WatchKit Extension/Info.plist";
				LD_RUNPATH_SEARCH_PATHS = "$(inherited) @executable_path/Frameworks @executable_path/../../Frameworks";
				PRODUCT_BUNDLE_IDENTIFIER = com.roymckenzie.FlashCards.watchkitapp.watchkitextension;
				PRODUCT_NAME = "${TARGET_NAME}";
				PROVISIONING_PROFILE = "";
				SDKROOT = watchos;
				SKIP_INSTALL = YES;
				SWIFT_VERSION = 3.0;
				TARGETED_DEVICE_FAMILY = 4;
				WATCHOS_DEPLOYMENT_TARGET = 2.0;
			};
			name = Release;
		};
/* End XCBuildConfiguration section */

/* Begin XCConfigurationList section */
		E3ED8BB51AF51D2300DCB5AE /* Build configuration list for PBXProject "FlashCards" */ = {
			isa = XCConfigurationList;
			buildConfigurations = (
				E3ED8BD71AF51D2300DCB5AE /* Debug */,
				E3ED8BD81AF51D2300DCB5AE /* Release */,
			);
			defaultConfigurationIsVisible = 0;
			defaultConfigurationName = Release;
		};
		E3ED8BD91AF51D2300DCB5AE /* Build configuration list for PBXNativeTarget "FlashCards" */ = {
			isa = XCConfigurationList;
			buildConfigurations = (
				E3ED8BDA1AF51D2300DCB5AE /* Debug */,
				E3ED8BDB1AF51D2300DCB5AE /* Release */,
			);
			defaultConfigurationIsVisible = 0;
			defaultConfigurationName = Release;
		};
		E3ED8BDC1AF51D2300DCB5AE /* Build configuration list for PBXNativeTarget "FlashCardsTests" */ = {
			isa = XCConfigurationList;
			buildConfigurations = (
				E3ED8BDD1AF51D2300DCB5AE /* Debug */,
				E3ED8BDE1AF51D2300DCB5AE /* Release */,
			);
			defaultConfigurationIsVisible = 0;
			defaultConfigurationName = Release;
		};
		E3ED8BFF1AF51DCF00DCB5AE /* Build configuration list for PBXNativeTarget "FlashCards WatchKit App" */ = {
			isa = XCConfigurationList;
			buildConfigurations = (
				E3ED8C001AF51DCF00DCB5AE /* Debug */,
				E3ED8C011AF51DCF00DCB5AE /* Release */,
			);
			defaultConfigurationIsVisible = 0;
			defaultConfigurationName = Release;
		};
		E3ED8C021AF51DCF00DCB5AE /* Build configuration list for PBXNativeTarget "FlashCards WatchKit Extension" */ = {
			isa = XCConfigurationList;
			buildConfigurations = (
				E3ED8C031AF51DCF00DCB5AE /* Debug */,
				E3ED8C041AF51DCF00DCB5AE /* Release */,
			);
			defaultConfigurationIsVisible = 0;
			defaultConfigurationName = Release;
		};
/* End XCConfigurationList section */
	};
	rootObject = E3ED8BB21AF51D2300DCB5AE /* Project object */;
}
